github.com/dmundt/log4go v1.0.0 h1:+Js95gMvx0KycDrB6ClCdICm9ojno/x4zusB2OXOvsc=
github.com/dmundt/log4go v1.0.0/go.mod h1:aZq9BTF4VKSgARi79gdUu4funUnjdjG2hN97/4YUSHs=
github.com/dmundt/serial v1.0.0 h1:1s5iiHpAEvMOud/22dqVCEt49/8S3P3RsWFMNIYOtAE=
github.com/dmundt/serial v1.0.0/go.mod h1:oeCz8D+KgKYF31t24LVArwtt9WxjRIhOoBFkO28ys7g=
